// !$*UTF8*$!
{
	archiveVersion = 1;
	classes = {
	};
	objectVersion = 56;
	objects = {

/* Begin PBXBuildFile section */
		E7579BEA28F6B357002CAB3E /* AppDelegate.swift in Sources */ = {isa = PBXBuildFile; fileRef = E7579BE928F6B357002CAB3E /* AppDelegate.swift */; };
		E7579BEC28F6B357002CAB3E /* SceneDelegate.swift in Sources */ = {isa = PBXBuildFile; fileRef = E7579BEB28F6B357002CAB3E /* SceneDelegate.swift */; };
		E7579BF328F6B358002CAB3E /* Assets.xcassets in Resources */ = {isa = PBXBuildFile; fileRef = E7579BF228F6B358002CAB3E /* Assets.xcassets */; };
		E7579BF628F6B358002CAB3E /* LaunchScreen.storyboard in Resources */ = {isa = PBXBuildFile; fileRef = E7579BF428F6B358002CAB3E /* LaunchScreen.storyboard */; };
		E7579BFF28F6C8FE002CAB3E /* SnapKit in Frameworks */ = {isa = PBXBuildFile; productRef = E7579BFE28F6C8FE002CAB3E /* SnapKit */; };
		E7579C0228F6CA75002CAB3E /* Then in Frameworks */ = {isa = PBXBuildFile; productRef = E7579C0128F6CA75002CAB3E /* Then */; };
		E7579C1028F6D48B002CAB3E /* WelcomeVC.swift in Sources */ = {isa = PBXBuildFile; fileRef = E7579C0F28F6D48B002CAB3E /* WelcomeVC.swift */; };
		E7579C1228F6D498002CAB3E /* SignUpVC.swift in Sources */ = {isa = PBXBuildFile; fileRef = E7579C1128F6D498002CAB3E /* SignUpVC.swift */; };
		E7579C1428F6D4A5002CAB3E /* SignInVC.swift in Sources */ = {isa = PBXBuildFile; fileRef = E7579C1328F6D4A5002CAB3E /* SignInVC.swift */; };
		E7579C1728F6D4FD002CAB3E /* UIView+.swift in Sources */ = {isa = PBXBuildFile; fileRef = E7579C1628F6D4FD002CAB3E /* UIView+.swift */; };
		E7579C1A28F6D516002CAB3E /* BaseView.swift in Sources */ = {isa = PBXBuildFile; fileRef = E7579C1928F6D516002CAB3E /* BaseView.swift */; };
		E7579C1D28F6D535002CAB3E /* BaseVC.swift in Sources */ = {isa = PBXBuildFile; fileRef = E7579C1C28F6D535002CAB3E /* BaseVC.swift */; };
		E7579C2028F6D573002CAB3E /* SignInView.swift in Sources */ = {isa = PBXBuildFile; fileRef = E7579C1F28F6D573002CAB3E /* SignInView.swift */; };
		E7579C2228F7F9E3002CAB3E /* WelcomeView.swift in Sources */ = {isa = PBXBuildFile; fileRef = E7579C2128F7F9E3002CAB3E /* WelcomeView.swift */; };
		E7579C2428F80F3A002CAB3E /* SingUpView.swift in Sources */ = {isa = PBXBuildFile; fileRef = E7579C2328F80F3A002CAB3E /* SingUpView.swift */; };
		E7579C2928F83925002CAB3E /* FriendListVC.swift in Sources */ = {isa = PBXBuildFile; fileRef = E7579C2828F83925002CAB3E /* FriendListVC.swift */; };
		E7579C2B28F8392F002CAB3E /* FriendListView.swift in Sources */ = {isa = PBXBuildFile; fileRef = E7579C2A28F8392F002CAB3E /* FriendListView.swift */; };
		E7579C2F28F8482E002CAB3E /* AppleSDGothicNeo.ttc in Resources */ = {isa = PBXBuildFile; fileRef = E7579C2E28F8482E002CAB3E /* AppleSDGothicNeo.ttc */; };
		E7579C3128F85A38002CAB3E /* UIViewController+.swift in Sources */ = {isa = PBXBuildFile; fileRef = E7579C3028F85A38002CAB3E /* UIViewController+.swift */; };
		E7579C3328F85A7C002CAB3E /* Preview.swift in Sources */ = {isa = PBXBuildFile; fileRef = E7579C3228F85A7C002CAB3E /* Preview.swift */; };
		E7579C3628F86CC1002CAB3E /* ProfileView.swift in Sources */ = {isa = PBXBuildFile; fileRef = E7579C3528F86CC1002CAB3E /* ProfileView.swift */; };
		E7579C3828F86CD2002CAB3E /* ProfileVC.swift in Sources */ = {isa = PBXBuildFile; fileRef = E7579C3728F86CD2002CAB3E /* ProfileVC.swift */; };
		E7579C3B28F877D5002CAB3E /* ProfileModel.swift in Sources */ = {isa = PBXBuildFile; fileRef = E7579C3A28F877D5002CAB3E /* ProfileModel.swift */; };
		E7579C3D28F8F73E002CAB3E /* UIImage+.swift in Sources */ = {isa = PBXBuildFile; fileRef = E7579C3C28F8F73E002CAB3E /* UIImage+.swift */; };
		E7579C3F28F90D93002CAB3E /* UIButton+.swift in Sources */ = {isa = PBXBuildFile; fileRef = E7579C3E28F90D93002CAB3E /* UIButton+.swift */; };
		E77A6BC929141663009DC36B /* KakaoTabBarController.swift in Sources */ = {isa = PBXBuildFile; fileRef = E77A6BC829141663009DC36B /* KakaoTabBarController.swift */; };
		E77A6BCB2914194E009DC36B /* PhotoGridVC.swift in Sources */ = {isa = PBXBuildFile; fileRef = E77A6BCA2914194E009DC36B /* PhotoGridVC.swift */; };
		E77A6BCD29141981009DC36B /* SharpVC.swift in Sources */ = {isa = PBXBuildFile; fileRef = E77A6BCC29141981009DC36B /* SharpVC.swift */; };
		E77A6BCF291419D7009DC36B /* ShopVC.swift in Sources */ = {isa = PBXBuildFile; fileRef = E77A6BCE291419D7009DC36B /* ShopVC.swift */; };
		E77A6BD1291419EC009DC36B /* MoreVC.swift in Sources */ = {isa = PBXBuildFile; fileRef = E77A6BD0291419EC009DC36B /* MoreVC.swift */; };
		E77A6BD329147960009DC36B /* FriendTableViewCell.swift in Sources */ = {isa = PBXBuildFile; fileRef = E77A6BD229147960009DC36B /* FriendTableViewCell.swift */; };
		E77A6BDA2914A2DA009DC36B /* ChatListVC.swift in Sources */ = {isa = PBXBuildFile; fileRef = E77A6BD92914A2DA009DC36B /* ChatListVC.swift */; };
		E77A6BDC2914A2F4009DC36B /* ChatListView.swift in Sources */ = {isa = PBXBuildFile; fileRef = E77A6BDB2914A2F4009DC36B /* ChatListView.swift */; };
		E78F23822914FD5E000849C0 /* PhotoGridView.swift in Sources */ = {isa = PBXBuildFile; fileRef = E78F23812914FD5E000849C0 /* PhotoGridView.swift */; };
		E78F23852914FE06000849C0 /* PhotoGridModel.swift in Sources */ = {isa = PBXBuildFile; fileRef = E78F23842914FE06000849C0 /* PhotoGridModel.swift */; };
		E78F2387291502B6000849C0 /* PhotoGridCollectionViewCell.swift in Sources */ = {isa = PBXBuildFile; fileRef = E78F2386291502B6000849C0 /* PhotoGridCollectionViewCell.swift */; };
		E7CE254B291D627A006DA24C /* ChatListCollectionViewCell.swift in Sources */ = {isa = PBXBuildFile; fileRef = E7CE254A291D627A006DA24C /* ChatListCollectionViewCell.swift */; };
/* End PBXBuildFile section */

/* Begin PBXFileReference section */
		E7579BE628F6B357002CAB3E /* Assignment2.app */ = {isa = PBXFileReference; explicitFileType = wrapper.application; includeInIndex = 0; path = Assignment2.app; sourceTree = BUILT_PRODUCTS_DIR; };
		E7579BE928F6B357002CAB3E /* AppDelegate.swift */ = {isa = PBXFileReference; lastKnownFileType = sourcecode.swift; path = AppDelegate.swift; sourceTree = "<group>"; };
		E7579BEB28F6B357002CAB3E /* SceneDelegate.swift */ = {isa = PBXFileReference; lastKnownFileType = sourcecode.swift; path = SceneDelegate.swift; sourceTree = "<group>"; };
		E7579BF228F6B358002CAB3E /* Assets.xcassets */ = {isa = PBXFileReference; lastKnownFileType = folder.assetcatalog; path = Assets.xcassets; sourceTree = "<group>"; };
		E7579BF528F6B358002CAB3E /* Base */ = {isa = PBXFileReference; lastKnownFileType = file.storyboard; name = Base; path = Base.lproj/LaunchScreen.storyboard; sourceTree = "<group>"; };
		E7579BF728F6B358002CAB3E /* Info.plist */ = {isa = PBXFileReference; lastKnownFileType = text.plist.xml; path = Info.plist; sourceTree = "<group>"; };
		E7579C0F28F6D48B002CAB3E /* WelcomeVC.swift */ = {isa = PBXFileReference; lastKnownFileType = sourcecode.swift; path = WelcomeVC.swift; sourceTree = "<group>"; };
		E7579C1128F6D498002CAB3E /* SignUpVC.swift */ = {isa = PBXFileReference; lastKnownFileType = sourcecode.swift; path = SignUpVC.swift; sourceTree = "<group>"; };
		E7579C1328F6D4A5002CAB3E /* SignInVC.swift */ = {isa = PBXFileReference; lastKnownFileType = sourcecode.swift; path = SignInVC.swift; sourceTree = "<group>"; };
		E7579C1628F6D4FD002CAB3E /* UIView+.swift */ = {isa = PBXFileReference; lastKnownFileType = sourcecode.swift; path = "UIView+.swift"; sourceTree = "<group>"; };
		E7579C1928F6D516002CAB3E /* BaseView.swift */ = {isa = PBXFileReference; lastKnownFileType = sourcecode.swift; path = BaseView.swift; sourceTree = "<group>"; };
		E7579C1C28F6D535002CAB3E /* BaseVC.swift */ = {isa = PBXFileReference; lastKnownFileType = sourcecode.swift; path = BaseVC.swift; sourceTree = "<group>"; };
		E7579C1F28F6D573002CAB3E /* SignInView.swift */ = {isa = PBXFileReference; lastKnownFileType = sourcecode.swift; path = SignInView.swift; sourceTree = "<group>"; };
		E7579C2128F7F9E3002CAB3E /* WelcomeView.swift */ = {isa = PBXFileReference; lastKnownFileType = sourcecode.swift; path = WelcomeView.swift; sourceTree = "<group>"; };
		E7579C2328F80F3A002CAB3E /* SingUpView.swift */ = {isa = PBXFileReference; lastKnownFileType = sourcecode.swift; path = SingUpView.swift; sourceTree = "<group>"; };
		E7579C2828F83925002CAB3E /* FriendListVC.swift */ = {isa = PBXFileReference; lastKnownFileType = sourcecode.swift; path = FriendListVC.swift; sourceTree = "<group>"; };
		E7579C2A28F8392F002CAB3E /* FriendListView.swift */ = {isa = PBXFileReference; lastKnownFileType = sourcecode.swift; path = FriendListView.swift; sourceTree = "<group>"; };
		E7579C2E28F8482E002CAB3E /* AppleSDGothicNeo.ttc */ = {isa = PBXFileReference; lastKnownFileType = file; path = AppleSDGothicNeo.ttc; sourceTree = "<group>"; };
		E7579C3028F85A38002CAB3E /* UIViewController+.swift */ = {isa = PBXFileReference; lastKnownFileType = sourcecode.swift; path = "UIViewController+.swift"; sourceTree = "<group>"; };
		E7579C3228F85A7C002CAB3E /* Preview.swift */ = {isa = PBXFileReference; lastKnownFileType = sourcecode.swift; path = Preview.swift; sourceTree = "<group>"; };
		E7579C3528F86CC1002CAB3E /* ProfileView.swift */ = {isa = PBXFileReference; lastKnownFileType = sourcecode.swift; path = ProfileView.swift; sourceTree = "<group>"; };
		E7579C3728F86CD2002CAB3E /* ProfileVC.swift */ = {isa = PBXFileReference; lastKnownFileType = sourcecode.swift; path = ProfileVC.swift; sourceTree = "<group>"; };
		E7579C3A28F877D5002CAB3E /* ProfileModel.swift */ = {isa = PBXFileReference; lastKnownFileType = sourcecode.swift; path = ProfileModel.swift; sourceTree = "<group>"; };
		E7579C3C28F8F73E002CAB3E /* UIImage+.swift */ = {isa = PBXFileReference; lastKnownFileType = sourcecode.swift; path = "UIImage+.swift"; sourceTree = "<group>"; };
		E7579C3E28F90D93002CAB3E /* UIButton+.swift */ = {isa = PBXFileReference; lastKnownFileType = sourcecode.swift; path = "UIButton+.swift"; sourceTree = "<group>"; };
		E77A6BC829141663009DC36B /* KakaoTabBarController.swift */ = {isa = PBXFileReference; lastKnownFileType = sourcecode.swift; path = KakaoTabBarController.swift; sourceTree = "<group>"; };
		E77A6BCA2914194E009DC36B /* PhotoGridVC.swift */ = {isa = PBXFileReference; lastKnownFileType = sourcecode.swift; path = PhotoGridVC.swift; sourceTree = "<group>"; };
		E77A6BCC29141981009DC36B /* SharpVC.swift */ = {isa = PBXFileReference; lastKnownFileType = sourcecode.swift; path = SharpVC.swift; sourceTree = "<group>"; };
		E77A6BCE291419D7009DC36B /* ShopVC.swift */ = {isa = PBXFileReference; lastKnownFileType = sourcecode.swift; path = ShopVC.swift; sourceTree = "<group>"; };
		E77A6BD0291419EC009DC36B /* MoreVC.swift */ = {isa = PBXFileReference; lastKnownFileType = sourcecode.swift; path = MoreVC.swift; sourceTree = "<group>"; };
		E77A6BD229147960009DC36B /* FriendTableViewCell.swift */ = {isa = PBXFileReference; lastKnownFileType = sourcecode.swift; path = FriendTableViewCell.swift; sourceTree = "<group>"; };
		E77A6BD92914A2DA009DC36B /* ChatListVC.swift */ = {isa = PBXFileReference; lastKnownFileType = sourcecode.swift; path = ChatListVC.swift; sourceTree = "<group>"; };
		E77A6BDB2914A2F4009DC36B /* ChatListView.swift */ = {isa = PBXFileReference; lastKnownFileType = sourcecode.swift; path = ChatListView.swift; sourceTree = "<group>"; };
		E78F23812914FD5E000849C0 /* PhotoGridView.swift */ = {isa = PBXFileReference; lastKnownFileType = sourcecode.swift; path = PhotoGridView.swift; sourceTree = "<group>"; };
		E78F23842914FE06000849C0 /* PhotoGridModel.swift */ = {isa = PBXFileReference; lastKnownFileType = sourcecode.swift; path = PhotoGridModel.swift; sourceTree = "<group>"; };
		E78F2386291502B6000849C0 /* PhotoGridCollectionViewCell.swift */ = {isa = PBXFileReference; lastKnownFileType = sourcecode.swift; path = PhotoGridCollectionViewCell.swift; sourceTree = "<group>"; };
		E7CE254A291D627A006DA24C /* ChatListCollectionViewCell.swift */ = {isa = PBXFileReference; lastKnownFileType = sourcecode.swift; path = ChatListCollectionViewCell.swift; sourceTree = "<group>"; };
/* End PBXFileReference section */

/* Begin PBXFrameworksBuildPhase section */
		E7579BE328F6B357002CAB3E /* Frameworks */ = {
			isa = PBXFrameworksBuildPhase;
			buildActionMask = 2147483647;
			files = (
				E7579BFF28F6C8FE002CAB3E /* SnapKit in Frameworks */,
				E7579C0228F6CA75002CAB3E /* Then in Frameworks */,
			);
			runOnlyForDeploymentPostprocessing = 0;
		};
/* End PBXFrameworksBuildPhase section */

/* Begin PBXGroup section */
		E7579BDD28F6B357002CAB3E = {
			isa = PBXGroup;
			children = (
				E7579BE828F6B357002CAB3E /* Assignment2 */,
				E7579BE728F6B357002CAB3E /* Products */,
			);
			sourceTree = "<group>";
		};
		E7579BE728F6B357002CAB3E /* Products */ = {
			isa = PBXGroup;
			children = (
				E7579BE628F6B357002CAB3E /* Assignment2.app */,
			);
			name = Products;
			sourceTree = "<group>";
		};
		E7579BE828F6B357002CAB3E /* Assignment2 */ = {
			isa = PBXGroup;
			children = (
				E7579BF728F6B358002CAB3E /* Info.plist */,
				E7579C0428F6D084002CAB3E /* Global */,
				E7579C0528F6D095002CAB3E /* Sources */,
				E7579C0328F6D06E002CAB3E /* Resources */,
				E7579C0628F6D0A2002CAB3E /* Application */,
			);
			path = Assignment2;
			sourceTree = "<group>";
		};
		E7579C0328F6D06E002CAB3E /* Resources */ = {
			isa = PBXGroup;
			children = (
				E7579C2D28F84386002CAB3E /* Font */,
				E7579BF228F6B358002CAB3E /* Assets.xcassets */,
			);
			path = Resources;
			sourceTree = "<group>";
		};
		E7579C0428F6D084002CAB3E /* Global */ = {
			isa = PBXGroup;
			children = (
				E7579C1828F6D503002CAB3E /* Base */,
				E7579C1528F6D4D1002CAB3E /* Extensions */,
			);
			path = Global;
			sourceTree = "<group>";
		};
		E7579C0528F6D095002CAB3E /* Sources */ = {
			isa = PBXGroup;
			children = (
				E77A6BC829141663009DC36B /* KakaoTabBarController.swift */,
				E7579C0928F6D3D9002CAB3E /* Scenes */,
				E7579C3228F85A7C002CAB3E /* Preview.swift */,
				E7579BF428F6B358002CAB3E /* LaunchScreen.storyboard */,
			);
			path = Sources;
			sourceTree = "<group>";
		};
		E7579C0628F6D0A2002CAB3E /* Application */ = {
			isa = PBXGroup;
			children = (
				E7579BE928F6B357002CAB3E /* AppDelegate.swift */,
				E7579BEB28F6B357002CAB3E /* SceneDelegate.swift */,
			);
			path = Application;
			sourceTree = "<group>";
		};
		E7579C0928F6D3D9002CAB3E /* Scenes */ = {
			isa = PBXGroup;
			children = (
				E77A6BD42914A268009DC36B /* Tabs */,
				E7579C0C28F6D442002CAB3E /* SignIn */,
				E7579C0D28F6D44B002CAB3E /* SignUp */,
				E7579C0E28F6D472002CAB3E /* Welcome */,
			);
			path = Scenes;
			sourceTree = "<group>";
		};
		E7579C0C28F6D442002CAB3E /* SignIn */ = {
			isa = PBXGroup;
			children = (
				E7579C1F28F6D573002CAB3E /* SignInView.swift */,
				E7579C1328F6D4A5002CAB3E /* SignInVC.swift */,
			);
			path = SignIn;
			sourceTree = "<group>";
		};
		E7579C0D28F6D44B002CAB3E /* SignUp */ = {
			isa = PBXGroup;
			children = (
				E7579C2328F80F3A002CAB3E /* SingUpView.swift */,
				E7579C1128F6D498002CAB3E /* SignUpVC.swift */,
			);
			path = SignUp;
			sourceTree = "<group>";
		};
		E7579C0E28F6D472002CAB3E /* Welcome */ = {
			isa = PBXGroup;
			children = (
				E7579C2128F7F9E3002CAB3E /* WelcomeView.swift */,
				E7579C0F28F6D48B002CAB3E /* WelcomeVC.swift */,
			);
			path = Welcome;
			sourceTree = "<group>";
		};
		E7579C1528F6D4D1002CAB3E /* Extensions */ = {
			isa = PBXGroup;
			children = (
				E7579C1628F6D4FD002CAB3E /* UIView+.swift */,
				E7579C3028F85A38002CAB3E /* UIViewController+.swift */,
				E7579C3C28F8F73E002CAB3E /* UIImage+.swift */,
				E7579C3E28F90D93002CAB3E /* UIButton+.swift */,
			);
			path = Extensions;
			sourceTree = "<group>";
		};
		E7579C1828F6D503002CAB3E /* Base */ = {
			isa = PBXGroup;
			children = (
				E7579C1928F6D516002CAB3E /* BaseView.swift */,
				E7579C1C28F6D535002CAB3E /* BaseVC.swift */,
			);
			path = Base;
			sourceTree = "<group>";
		};
		E7579C2728F83902002CAB3E /* FriendList */ = {
			isa = PBXGroup;
			children = (
				E7579C3428F86CAF002CAB3E /* Profile */,
				E7579C3928F877A7002CAB3E /* Model */,
				E7579C2A28F8392F002CAB3E /* FriendListView.swift */,
				E7579C2828F83925002CAB3E /* FriendListVC.swift */,
				E77A6BD229147960009DC36B /* FriendTableViewCell.swift */,
			);
			path = FriendList;
			sourceTree = "<group>";
		};
		E7579C2D28F84386002CAB3E /* Font */ = {
			isa = PBXGroup;
			children = (
				E7579C2E28F8482E002CAB3E /* AppleSDGothicNeo.ttc */,
			);
			path = Font;
			sourceTree = "<group>";
		};
		E7579C3428F86CAF002CAB3E /* Profile */ = {
			isa = PBXGroup;
			children = (
				E7579C3728F86CD2002CAB3E /* ProfileVC.swift */,
				E7579C3528F86CC1002CAB3E /* ProfileView.swift */,
			);
			path = Profile;
			sourceTree = "<group>";
		};
		E7579C3928F877A7002CAB3E /* Model */ = {
			isa = PBXGroup;
			children = (
				E7579C3A28F877D5002CAB3E /* ProfileModel.swift */,
			);
			path = Model;
			sourceTree = "<group>";
		};
		E77A6BD42914A268009DC36B /* Tabs */ = {
			isa = PBXGroup;
			children = (
				E7579C2728F83902002CAB3E /* FriendList */,
				E77A6BD52914A285009DC36B /* ChatList */,
				E77A6BD82914A29B009DC36B /* Sharp */,
				E77A6BD72914A296009DC36B /* Shop */,
				E77A6BD62914A290009DC36B /* More */,
			);
			path = Tabs;
			sourceTree = "<group>";
		};
		E77A6BD52914A285009DC36B /* ChatList */ = {
			isa = PBXGroup;
			children = (
				E77A6BDB2914A2F4009DC36B /* ChatListView.swift */,
				E77A6BD92914A2DA009DC36B /* ChatListVC.swift */,
				E7CE254A291D627A006DA24C /* ChatListCollectionViewCell.swift */,
				E78F23802914FD3E000849C0 /* PhotoGrid */,
			);
			path = ChatList;
			sourceTree = "<group>";
		};
		E77A6BD62914A290009DC36B /* More */ = {
			isa = PBXGroup;
			children = (
				E77A6BD0291419EC009DC36B /* MoreVC.swift */,
			);
			path = More;
			sourceTree = "<group>";
		};
		E77A6BD72914A296009DC36B /* Shop */ = {
			isa = PBXGroup;
			children = (
				E77A6BCE291419D7009DC36B /* ShopVC.swift */,
			);
			path = Shop;
			sourceTree = "<group>";
		};
		E77A6BD82914A29B009DC36B /* Sharp */ = {
			isa = PBXGroup;
			children = (
				E77A6BCC29141981009DC36B /* SharpVC.swift */,
			);
			path = Sharp;
			sourceTree = "<group>";
		};
		E78F23802914FD3E000849C0 /* PhotoGrid */ = {
			isa = PBXGroup;
			children = (
				E78F23832914FDF5000849C0 /* Model */,
				E77A6BCA2914194E009DC36B /* PhotoGridVC.swift */,
				E78F23812914FD5E000849C0 /* PhotoGridView.swift */,
				E78F2386291502B6000849C0 /* PhotoGridCollectionViewCell.swift */,
			);
			path = PhotoGrid;
			sourceTree = "<group>";
		};
		E78F23832914FDF5000849C0 /* Model */ = {
			isa = PBXGroup;
			children = (
				E78F23842914FE06000849C0 /* PhotoGridModel.swift */,
			);
			path = Model;
			sourceTree = "<group>";
		};
/* End PBXGroup section */

/* Begin PBXNativeTarget section */
		E7579BE528F6B357002CAB3E /* Assignment2 */ = {
			isa = PBXNativeTarget;
			buildConfigurationList = E7579BFA28F6B358002CAB3E /* Build configuration list for PBXNativeTarget "Assignment2" */;
			buildPhases = (
				E7579BE228F6B357002CAB3E /* Sources */,
				E7579BE328F6B357002CAB3E /* Frameworks */,
				E7579BE428F6B357002CAB3E /* Resources */,
			);
			buildRules = (
			);
			dependencies = (
			);
			name = Assignment2;
			packageProductDependencies = (
				E7579BFE28F6C8FE002CAB3E /* SnapKit */,
				E7579C0128F6CA75002CAB3E /* Then */,
			);
			productName = Assignment2;
			productReference = E7579BE628F6B357002CAB3E /* Assignment2.app */;
			productType = "com.apple.product-type.application";
		};
/* End PBXNativeTarget section */

/* Begin PBXProject section */
		E7579BDE28F6B357002CAB3E /* Project object */ = {
			isa = PBXProject;
			attributes = {
				BuildIndependentTargetsInParallel = 1;
				LastSwiftUpdateCheck = 1400;
				LastUpgradeCheck = 1400;
				TargetAttributes = {
					E7579BE528F6B357002CAB3E = {
						CreatedOnToolsVersion = 14.0.1;
					};
				};
			};
			buildConfigurationList = E7579BE128F6B357002CAB3E /* Build configuration list for PBXProject "Assignment2" */;
			compatibilityVersion = "Xcode 14.0";
			developmentRegion = en;
			hasScannedForEncodings = 0;
			knownRegions = (
				en,
				Base,
			);
			mainGroup = E7579BDD28F6B357002CAB3E;
			packageReferences = (
				E7579BFD28F6C8FE002CAB3E /* XCRemoteSwiftPackageReference "SnapKit" */,
				E7579C0028F6CA75002CAB3E /* XCRemoteSwiftPackageReference "Then" */,
			);
			productRefGroup = E7579BE728F6B357002CAB3E /* Products */;
			projectDirPath = "";
			projectRoot = "";
			targets = (
				E7579BE528F6B357002CAB3E /* Assignment2 */,
			);
		};
/* End PBXProject section */

/* Begin PBXResourcesBuildPhase section */
		E7579BE428F6B357002CAB3E /* Resources */ = {
			isa = PBXResourcesBuildPhase;
			buildActionMask = 2147483647;
			files = (
				E7579BF628F6B358002CAB3E /* LaunchScreen.storyboard in Resources */,
				E7579C2F28F8482E002CAB3E /* AppleSDGothicNeo.ttc in Resources */,
				E7579BF328F6B358002CAB3E /* Assets.xcassets in Resources */,
			);
			runOnlyForDeploymentPostprocessing = 0;
		};
/* End PBXResourcesBuildPhase section */

/* Begin PBXSourcesBuildPhase section */
		E7579BE228F6B357002CAB3E /* Sources */ = {
			isa = PBXSourcesBuildPhase;
			buildActionMask = 2147483647;
			files = (
				E7579C3128F85A38002CAB3E /* UIViewController+.swift in Sources */,
				E78F23822914FD5E000849C0 /* PhotoGridView.swift in Sources */,
				E7579C2028F6D573002CAB3E /* SignInView.swift in Sources */,
				E7579C1728F6D4FD002CAB3E /* UIView+.swift in Sources */,
				E7579C2928F83925002CAB3E /* FriendListVC.swift in Sources */,
				E77A6BDC2914A2F4009DC36B /* ChatListView.swift in Sources */,
				E77A6BCD29141981009DC36B /* SharpVC.swift in Sources */,
				E7CE254B291D627A006DA24C /* ChatListCollectionViewCell.swift in Sources */,
				E7579BEA28F6B357002CAB3E /* AppDelegate.swift in Sources */,
				E7579C3F28F90D93002CAB3E /* UIButton+.swift in Sources */,
				E77A6BD329147960009DC36B /* FriendTableViewCell.swift in Sources */,
				E77A6BC929141663009DC36B /* KakaoTabBarController.swift in Sources */,
				E77A6BCB2914194E009DC36B /* PhotoGridVC.swift in Sources */,
				E77A6BD1291419EC009DC36B /* MoreVC.swift in Sources */,
				E7579C1428F6D4A5002CAB3E /* SignInVC.swift in Sources */,
				E77A6BCF291419D7009DC36B /* ShopVC.swift in Sources */,
				E7579C1D28F6D535002CAB3E /* BaseVC.swift in Sources */,
				E7579C3328F85A7C002CAB3E /* Preview.swift in Sources */,
				E7579C3628F86CC1002CAB3E /* ProfileView.swift in Sources */,
				E7579C2428F80F3A002CAB3E /* SingUpView.swift in Sources */,
				E7579C2228F7F9E3002CAB3E /* WelcomeView.swift in Sources */,
				E78F23852914FE06000849C0 /* PhotoGridModel.swift in Sources */,
				E77A6BDA2914A2DA009DC36B /* ChatListVC.swift in Sources */,
				E7579BEC28F6B357002CAB3E /* SceneDelegate.swift in Sources */,
				E7579C1A28F6D516002CAB3E /* BaseView.swift in Sources */,
				E78F2387291502B6000849C0 /* PhotoGridCollectionViewCell.swift in Sources */,
				E7579C3828F86CD2002CAB3E /* ProfileVC.swift in Sources */,
				E7579C1228F6D498002CAB3E /* SignUpVC.swift in Sources */,
				E7579C2B28F8392F002CAB3E /* FriendListView.swift in Sources */,
				E7579C1028F6D48B002CAB3E /* WelcomeVC.swift in Sources */,
				E7579C3B28F877D5002CAB3E /* ProfileModel.swift in Sources */,
				E7579C3D28F8F73E002CAB3E /* UIImage+.swift in Sources */,
			);
			runOnlyForDeploymentPostprocessing = 0;
		};
/* End PBXSourcesBuildPhase section */

/* Begin PBXVariantGroup section */
		E7579BF428F6B358002CAB3E /* LaunchScreen.storyboard */ = {
			isa = PBXVariantGroup;
			children = (
				E7579BF528F6B358002CAB3E /* Base */,
			);
			name = LaunchScreen.storyboard;
			sourceTree = "<group>";
		};
/* End PBXVariantGroup section */

/* Begin XCBuildConfiguration section */
		E7579BF828F6B358002CAB3E /* Debug */ = {
			isa = XCBuildConfiguration;
			buildSettings = {
				ALWAYS_SEARCH_USER_PATHS = NO;
				CLANG_ANALYZER_NONNULL = YES;
				CLANG_ANALYZER_NUMBER_OBJECT_CONVERSION = YES_AGGRESSIVE;
				CLANG_CXX_LANGUAGE_STANDARD = "gnu++20";
				CLANG_ENABLE_MODULES = YES;
				CLANG_ENABLE_OBJC_ARC = YES;
				CLANG_ENABLE_OBJC_WEAK = YES;
				CLANG_WARN_BLOCK_CAPTURE_AUTORELEASING = YES;
				CLANG_WARN_BOOL_CONVERSION = YES;
				CLANG_WARN_COMMA = YES;
				CLANG_WARN_CONSTANT_CONVERSION = YES;
				CLANG_WARN_DEPRECATED_OBJC_IMPLEMENTATIONS = YES;
				CLANG_WARN_DIRECT_OBJC_ISA_USAGE = YES_ERROR;
				CLANG_WARN_DOCUMENTATION_COMMENTS = YES;
				CLANG_WARN_EMPTY_BODY = YES;
				CLANG_WARN_ENUM_CONVERSION = YES;
				CLANG_WARN_INFINITE_RECURSION = YES;
				CLANG_WARN_INT_CONVERSION = YES;
				CLANG_WARN_NON_LITERAL_NULL_CONVERSION = YES;
				CLANG_WARN_OBJC_IMPLICIT_RETAIN_SELF = YES;
				CLANG_WARN_OBJC_LITERAL_CONVERSION = YES;
				CLANG_WARN_OBJC_ROOT_CLASS = YES_ERROR;
				CLANG_WARN_QUOTED_INCLUDE_IN_FRAMEWORK_HEADER = YES;
				CLANG_WARN_RANGE_LOOP_ANALYSIS = YES;
				CLANG_WARN_STRICT_PROTOTYPES = YES;
				CLANG_WARN_SUSPICIOUS_MOVE = YES;
				CLANG_WARN_UNGUARDED_AVAILABILITY = YES_AGGRESSIVE;
				CLANG_WARN_UNREACHABLE_CODE = YES;
				CLANG_WARN__DUPLICATE_METHOD_MATCH = YES;
				COPY_PHASE_STRIP = NO;
				DEBUG_INFORMATION_FORMAT = dwarf;
				ENABLE_STRICT_OBJC_MSGSEND = YES;
				ENABLE_TESTABILITY = YES;
				GCC_C_LANGUAGE_STANDARD = gnu11;
				GCC_DYNAMIC_NO_PIC = NO;
				GCC_NO_COMMON_BLOCKS = YES;
				GCC_OPTIMIZATION_LEVEL = 0;
				GCC_PREPROCESSOR_DEFINITIONS = (
					"DEBUG=1",
					"$(inherited)",
				);
				GCC_WARN_64_TO_32_BIT_CONVERSION = YES;
				GCC_WARN_ABOUT_RETURN_TYPE = YES_ERROR;
				GCC_WARN_UNDECLARED_SELECTOR = YES;
				GCC_WARN_UNINITIALIZED_AUTOS = YES_AGGRESSIVE;
				GCC_WARN_UNUSED_FUNCTION = YES;
				GCC_WARN_UNUSED_VARIABLE = YES;
				IPHONEOS_DEPLOYMENT_TARGET = 16.0;
				MTL_ENABLE_DEBUG_INFO = INCLUDE_SOURCE;
				MTL_FAST_MATH = YES;
				ONLY_ACTIVE_ARCH = YES;
				SDKROOT = iphoneos;
				SWIFT_ACTIVE_COMPILATION_CONDITIONS = DEBUG;
				SWIFT_OPTIMIZATION_LEVEL = "-Onone";
			};
			name = Debug;
		};
		E7579BF928F6B358002CAB3E /* Release */ = {
			isa = XCBuildConfiguration;
			buildSettings = {
				ALWAYS_SEARCH_USER_PATHS = NO;
				CLANG_ANALYZER_NONNULL = YES;
				CLANG_ANALYZER_NUMBER_OBJECT_CONVERSION = YES_AGGRESSIVE;
				CLANG_CXX_LANGUAGE_STANDARD = "gnu++20";
				CLANG_ENABLE_MODULES = YES;
				CLANG_ENABLE_OBJC_ARC = YES;
				CLANG_ENABLE_OBJC_WEAK = YES;
				CLANG_WARN_BLOCK_CAPTURE_AUTORELEASING = YES;
				CLANG_WARN_BOOL_CONVERSION = YES;
				CLANG_WARN_COMMA = YES;
				CLANG_WARN_CONSTANT_CONVERSION = YES;
				CLANG_WARN_DEPRECATED_OBJC_IMPLEMENTATIONS = YES;
				CLANG_WARN_DIRECT_OBJC_ISA_USAGE = YES_ERROR;
				CLANG_WARN_DOCUMENTATION_COMMENTS = YES;
				CLANG_WARN_EMPTY_BODY = YES;
				CLANG_WARN_ENUM_CONVERSION = YES;
				CLANG_WARN_INFINITE_RECURSION = YES;
				CLANG_WARN_INT_CONVERSION = YES;
				CLANG_WARN_NON_LITERAL_NULL_CONVERSION = YES;
				CLANG_WARN_OBJC_IMPLICIT_RETAIN_SELF = YES;
				CLANG_WARN_OBJC_LITERAL_CONVERSION = YES;
				CLANG_WARN_OBJC_ROOT_CLASS = YES_ERROR;
				CLANG_WARN_QUOTED_INCLUDE_IN_FRAMEWORK_HEADER = YES;
				CLANG_WARN_RANGE_LOOP_ANALYSIS = YES;
				CLANG_WARN_STRICT_PROTOTYPES = YES;
				CLANG_WARN_SUSPICIOUS_MOVE = YES;
				CLANG_WARN_UNGUARDED_AVAILABILITY = YES_AGGRESSIVE;
				CLANG_WARN_UNREACHABLE_CODE = YES;
				CLANG_WARN__DUPLICATE_METHOD_MATCH = YES;
				COPY_PHASE_STRIP = NO;
				DEBUG_INFORMATION_FORMAT = "dwarf-with-dsym";
				ENABLE_NS_ASSERTIONS = NO;
				ENABLE_STRICT_OBJC_MSGSEND = YES;
				GCC_C_LANGUAGE_STANDARD = gnu11;
				GCC_NO_COMMON_BLOCKS = YES;
				GCC_WARN_64_TO_32_BIT_CONVERSION = YES;
				GCC_WARN_ABOUT_RETURN_TYPE = YES_ERROR;
				GCC_WARN_UNDECLARED_SELECTOR = YES;
				GCC_WARN_UNINITIALIZED_AUTOS = YES_AGGRESSIVE;
				GCC_WARN_UNUSED_FUNCTION = YES;
				GCC_WARN_UNUSED_VARIABLE = YES;
				IPHONEOS_DEPLOYMENT_TARGET = 16.0;
				MTL_ENABLE_DEBUG_INFO = NO;
				MTL_FAST_MATH = YES;
				SDKROOT = iphoneos;
				SWIFT_COMPILATION_MODE = wholemodule;
				SWIFT_OPTIMIZATION_LEVEL = "-O";
				VALIDATE_PRODUCT = YES;
			};
			name = Release;
		};
		E7579BFB28F6B358002CAB3E /* Debug */ = {
			isa = XCBuildConfiguration;
			buildSettings = {
				ASSETCATALOG_COMPILER_APPICON_NAME = AppIcon;
				ASSETCATALOG_COMPILER_GLOBAL_ACCENT_COLOR_NAME = AccentColor;
				CODE_SIGN_STYLE = Automatic;
				CURRENT_PROJECT_VERSION = 1;
				DEVELOPMENT_TEAM = AFS6YUQ2Y4;
				GENERATE_INFOPLIST_FILE = YES;
				INFOPLIST_FILE = Assignment2/Info.plist;
				INFOPLIST_KEY_UIApplicationSupportsIndirectInputEvents = YES;
				INFOPLIST_KEY_UILaunchStoryboardName = LaunchScreen;
				INFOPLIST_KEY_UIMainStoryboardFile = "";
				INFOPLIST_KEY_UISupportedInterfaceOrientations_iPad = "UIInterfaceOrientationPortrait UIInterfaceOrientationPortraitUpsideDown UIInterfaceOrientationLandscapeLeft UIInterfaceOrientationLandscapeRight";
				INFOPLIST_KEY_UISupportedInterfaceOrientations_iPhone = "UIInterfaceOrientationPortrait UIInterfaceOrientationLandscapeLeft UIInterfaceOrientationLandscapeRight";
				LD_RUNPATH_SEARCH_PATHS = (
					"$(inherited)",
					"@executable_path/Frameworks",
				);
				MARKETING_VERSION = 1.0;
				PRODUCT_BUNDLE_IDENTIFIER = damin.Assignment2;
				PRODUCT_NAME = "$(TARGET_NAME)";
				SWIFT_EMIT_LOC_STRINGS = YES;
				SWIFT_VERSION = 5.0;
				TARGETED_DEVICE_FAMILY = "1,2";
			};
			name = Debug;
		};
		E7579BFC28F6B358002CAB3E /* Release */ = {
			isa = XCBuildConfiguration;
			buildSettings = {
				ASSETCATALOG_COMPILER_APPICON_NAME = AppIcon;
				ASSETCATALOG_COMPILER_GLOBAL_ACCENT_COLOR_NAME = AccentColor;
				CODE_SIGN_STYLE = Automatic;
				CURRENT_PROJECT_VERSION = 1;
				DEVELOPMENT_TEAM = AFS6YUQ2Y4;
				GENERATE_INFOPLIST_FILE = YES;
				INFOPLIST_FILE = Assignment2/Info.plist;
				INFOPLIST_KEY_UIApplicationSupportsIndirectInputEvents = YES;
				INFOPLIST_KEY_UILaunchStoryboardName = LaunchScreen;
				INFOPLIST_KEY_UIMainStoryboardFile = "";
				INFOPLIST_KEY_UISupportedInterfaceOrientations_iPad = "UIInterfaceOrientationPortrait UIInterfaceOrientationPortraitUpsideDown UIInterfaceOrientationLandscapeLeft UIInterfaceOrientationLandscapeRight";
				INFOPLIST_KEY_UISupportedInterfaceOrientations_iPhone = "UIInterfaceOrientationPortrait UIInterfaceOrientationLandscapeLeft UIInterfaceOrientationLandscapeRight";
				LD_RUNPATH_SEARCH_PATHS = (
					"$(inherited)",
					"@executable_path/Frameworks",
				);
				MARKETING_VERSION = 1.0;
				PRODUCT_BUNDLE_IDENTIFIER = damin.Assignment2;
				PRODUCT_NAME = "$(TARGET_NAME)";
				SWIFT_EMIT_LOC_STRINGS = YES;
				SWIFT_VERSION = 5.0;
				TARGETED_DEVICE_FAMILY = "1,2";
			};
			name = Release;
		};
/* End XCBuildConfiguration section */

/* Begin XCConfigurationList section */
		E7579BE128F6B357002CAB3E /* Build configuration list for PBXProject "Assignment2" */ = {
			isa = XCConfigurationList;
			buildConfigurations = (
				E7579BF828F6B358002CAB3E /* Debug */,
				E7579BF928F6B358002CAB3E /* Release */,
			);
			defaultConfigurationIsVisible = 0;
			defaultConfigurationName = Release;
		};
		E7579BFA28F6B358002CAB3E /* Build configuration list for PBXNativeTarget "Assignment2" */ = {
			isa = XCConfigurationList;
			buildConfigurations = (
				E7579BFB28F6B358002CAB3E /* Debug */,
				E7579BFC28F6B358002CAB3E /* Release */,
			);
			defaultConfigurationIsVisible = 0;
			defaultConfigurationName = Release;
		};
/* End XCConfigurationList section */

/* Begin XCRemoteSwiftPackageReference section */
		E7579BFD28F6C8FE002CAB3E /* XCRemoteSwiftPackageReference "SnapKit" */ = {
			isa = XCRemoteSwiftPackageReference;
			repositoryURL = "https://github.com/SnapKit/SnapKit.git";
			requirement = {
				kind = upToNextMajorVersion;
				minimumVersion = 5.0.0;
			};
		};
		E7579C0028F6CA75002CAB3E /* XCRemoteSwiftPackageReference "Then" */ = {
			isa = XCRemoteSwiftPackageReference;
			repositoryURL = "https://github.com/devxoul/Then";
			requirement = {
				kind = upToNextMajorVersion;
				minimumVersion = 3.0.0;
			};
		};
/* End XCRemoteSwiftPackageReference section */

/* Begin XCSwiftPackageProductDependency section */
		E7579BFE28F6C8FE002CAB3E /* SnapKit */ = {
			isa = XCSwiftPackageProductDependency;
			package = E7579BFD28F6C8FE002CAB3E /* XCRemoteSwiftPackageReference "SnapKit" */;
			productName = SnapKit;
		};
		E7579C0128F6CA75002CAB3E /* Then */ = {
			isa = XCSwiftPackageProductDependency;
			package = E7579C0028F6CA75002CAB3E /* XCRemoteSwiftPackageReference "Then" */;
			productName = Then;
		};
/* End XCSwiftPackageProductDependency section */
	};
	rootObject = E7579BDE28F6B357002CAB3E /* Project object */;
}
